// !$*UTF8*$!
{
	archiveVersion = 1;
	classes = {
	};
	objectVersion = 46;
	objects = {

/* Begin PBXBuildFile section */
		8B36F0CC14FE21A10006D5CD /* SDImageCache.m in Sources */ = {isa = PBXBuildFile; fileRef = 8B36F0BB14FE21A10006D5CD /* SDImageCache.m */; settings = {COMPILER_FLAGS = "-fno-objc-arc"; }; };
		8B36F0CD14FE21A10006D5CD /* SDWebImageDecoder.m in Sources */ = {isa = PBXBuildFile; fileRef = 8B36F0BF14FE21A10006D5CD /* SDWebImageDecoder.m */; settings = {COMPILER_FLAGS = "-fno-objc-arc"; }; };
		8B36F0CE14FE21A10006D5CD /* SDWebImageDownloader.m in Sources */ = {isa = PBXBuildFile; fileRef = 8B36F0C114FE21A10006D5CD /* SDWebImageDownloader.m */; settings = {COMPILER_FLAGS = "-fno-objc-arc"; }; };
		8B36F0CF14FE21A10006D5CD /* SDWebImageManager.m in Sources */ = {isa = PBXBuildFile; fileRef = 8B36F0C414FE21A10006D5CD /* SDWebImageManager.m */; settings = {COMPILER_FLAGS = "-fno-objc-arc"; }; };
		8B36F0D014FE21A10006D5CD /* SDWebImagePrefetcher.m in Sources */ = {isa = PBXBuildFile; fileRef = 8B36F0C714FE21A10006D5CD /* SDWebImagePrefetcher.m */; settings = {COMPILER_FLAGS = "-fno-objc-arc"; }; };
		8B36F0D114FE21A10006D5CD /* UIButton+WebCache.m in Sources */ = {isa = PBXBuildFile; fileRef = 8B36F0C914FE21A10006D5CD /* UIButton+WebCache.m */; settings = {COMPILER_FLAGS = "-fno-objc-arc"; }; };
		8B36F0D214FE21A10006D5CD /* UIImageView+WebCache.m in Sources */ = {isa = PBXBuildFile; fileRef = 8B36F0CB14FE21A10006D5CD /* UIImageView+WebCache.m */; settings = {COMPILER_FLAGS = "-fno-objc-arc"; }; };
		8B36F0D714FE2C2F0006D5CD /* EGORefreshTableHeaderView.m in Sources */ = {isa = PBXBuildFile; fileRef = 8B36F0D614FE2C2F0006D5CD /* EGORefreshTableHeaderView.m */; settings = {COMPILER_FLAGS = "-fno-objc-arc"; }; };
		8B36F0D914FE2CC80006D5CD /* QuartzCore.framework in Frameworks */ = {isa = PBXBuildFile; fileRef = 8B36F0D814FE2CC80006D5CD /* QuartzCore.framework */; };
		8B36F0E314FE2EE80006D5CD /* blackArrow.png in Resources */ = {isa = PBXBuildFile; fileRef = 8B36F0DB14FE2EE80006D5CD /* blackArrow.png */; };
		8B36F0E414FE2EE80006D5CD /* blackArrow@2x.png in Resources */ = {isa = PBXBuildFile; fileRef = 8B36F0DC14FE2EE80006D5CD /* blackArrow@2x.png */; };
		8B36F0E514FE2EE80006D5CD /* blueArrow.png in Resources */ = {isa = PBXBuildFile; fileRef = 8B36F0DD14FE2EE80006D5CD /* blueArrow.png */; };
		8B36F0E614FE2EE80006D5CD /* blueArrow@2x.png in Resources */ = {isa = PBXBuildFile; fileRef = 8B36F0DE14FE2EE80006D5CD /* blueArrow@2x.png */; };
		8B36F0E714FE2EE80006D5CD /* grayArrow.png in Resources */ = {isa = PBXBuildFile; fileRef = 8B36F0DF14FE2EE80006D5CD /* grayArrow.png */; };
		8B36F0E814FE2EE80006D5CD /* grayArrow@2x.png in Resources */ = {isa = PBXBuildFile; fileRef = 8B36F0E014FE2EE80006D5CD /* grayArrow@2x.png */; };
		8B36F0E914FE2EE80006D5CD /* whiteArrow.png in Resources */ = {isa = PBXBuildFile; fileRef = 8B36F0E114FE2EE80006D5CD /* whiteArrow.png */; };
		8B36F0EA14FE2EE80006D5CD /* whiteArrow@2x.png in Resources */ = {isa = PBXBuildFile; fileRef = 8B36F0E214FE2EE80006D5CD /* whiteArrow@2x.png */; };
		8B3B5FEA14FBFB9E00685C11 /* UIKit.framework in Frameworks */ = {isa = PBXBuildFile; fileRef = 8B3B5FE914FBFB9E00685C11 /* UIKit.framework */; };
		8B3B5FEC14FBFB9E00685C11 /* Foundation.framework in Frameworks */ = {isa = PBXBuildFile; fileRef = 8B3B5FEB14FBFB9E00685C11 /* Foundation.framework */; };
		8B3B5FEE14FBFB9E00685C11 /* CoreGraphics.framework in Frameworks */ = {isa = PBXBuildFile; fileRef = 8B3B5FED14FBFB9E00685C11 /* CoreGraphics.framework */; };
		8B3B5FF414FBFB9E00685C11 /* InfoPlist.strings in Resources */ = {isa = PBXBuildFile; fileRef = 8B3B5FF214FBFB9E00685C11 /* InfoPlist.strings */; };
		8B3B5FF614FBFB9E00685C11 /* main.m in Sources */ = {isa = PBXBuildFile; fileRef = 8B3B5FF514FBFB9E00685C11 /* main.m */; };
		8B3B5FFA14FBFB9E00685C11 /* AppDelegate.m in Sources */ = {isa = PBXBuildFile; fileRef = 8B3B5FF914FBFB9E00685C11 /* AppDelegate.m */; };
		8B3B5FFD14FBFB9E00685C11 /* ViewController.m in Sources */ = {isa = PBXBuildFile; fileRef = 8B3B5FFC14FBFB9E00685C11 /* ViewController.m */; };
		8B3B600014FBFB9E00685C11 /* ViewController.xib in Resources */ = {isa = PBXBuildFile; fileRef = 8B3B5FFE14FBFB9E00685C11 /* ViewController.xib */; };
		8B3B600B14FBFC9200685C11 /* SystemConfiguration.framework in Frameworks */ = {isa = PBXBuildFile; fileRef = 8B3B600A14FBFC9200685C11 /* SystemConfiguration.framework */; };
		8B3B600E14FBFC9900685C11 /* libz.dylib in Frameworks */ = {isa = PBXBuildFile; fileRef = 8B3B600D14FBFC9900685C11 /* libz.dylib */; };
		8B3B601014FBFCD300685C11 /* CFNetwork.framework in Frameworks */ = {isa = PBXBuildFile; fileRef = 8B3B600F14FBFCD300685C11 /* CFNetwork.framework */; };
		8B3B601814FBFD0000685C11 /* JSONKit.m in Sources */ = {isa = PBXBuildFile; fileRef = 8B3B601314FBFD0000685C11 /* JSONKit.m */; settings = {COMPILER_FLAGS = "-fno-objc-arc"; }; };
		8B3B601914FBFD0000685C11 /* MBProgressHUD.m in Sources */ = {isa = PBXBuildFile; fileRef = 8B3B601514FBFD0000685C11 /* MBProgressHUD.m */; };
		8B3B601A14FBFD0000685C11 /* Reachability.m in Sources */ = {isa = PBXBuildFile; fileRef = 8B3B601714FBFD0000685C11 /* Reachability.m */; settings = {COMPILER_FLAGS = "-fno-objc-arc"; }; };
		8B3B602F14FBFD1A00685C11 /* ASIAuthenticationDialog.m in Sources */ = {isa = PBXBuildFile; fileRef = 8B3B601C14FBFD1A00685C11 /* ASIAuthenticationDialog.m */; settings = {COMPILER_FLAGS = "-fno-objc-arc"; }; };
		8B3B603014FBFD1A00685C11 /* ASIDataCompressor.m in Sources */ = {isa = PBXBuildFile; fileRef = 8B3B601F14FBFD1A00685C11 /* ASIDataCompressor.m */; settings = {COMPILER_FLAGS = "-fno-objc-arc"; }; };
		8B3B603114FBFD1A00685C11 /* ASIDataDecompressor.m in Sources */ = {isa = PBXBuildFile; fileRef = 8B3B602114FBFD1A00685C11 /* ASIDataDecompressor.m */; settings = {COMPILER_FLAGS = "-fno-objc-arc"; }; };
		8B3B603214FBFD1A00685C11 /* ASIDownloadCache.m in Sources */ = {isa = PBXBuildFile; fileRef = 8B3B602314FBFD1A00685C11 /* ASIDownloadCache.m */; settings = {COMPILER_FLAGS = "-fno-objc-arc"; }; };
		8B3B603314FBFD1A00685C11 /* ASIFormDataRequest.m in Sources */ = {isa = PBXBuildFile; fileRef = 8B3B602514FBFD1A00685C11 /* ASIFormDataRequest.m */; settings = {COMPILER_FLAGS = "-fno-objc-arc"; }; };
		8B3B603414FBFD1A00685C11 /* ASIHTTPRequest.m in Sources */ = {isa = PBXBuildFile; fileRef = 8B3B602714FBFD1A00685C11 /* ASIHTTPRequest.m */; settings = {COMPILER_FLAGS = "-fno-objc-arc"; }; };
		8B3B603514FBFD1A00685C11 /* ASIInputStream.m in Sources */ = {isa = PBXBuildFile; fileRef = 8B3B602B14FBFD1A00685C11 /* ASIInputStream.m */; settings = {COMPILER_FLAGS = "-fno-objc-arc"; }; };
		8B3B603614FBFD1A00685C11 /* ASINetworkQueue.m in Sources */ = {isa = PBXBuildFile; fileRef = 8B3B602D14FBFD1A00685C11 /* ASINetworkQueue.m */; settings = {COMPILER_FLAGS = "-fno-objc-arc"; }; };
		8B3B604014FBFDEE00685C11 /* avatar_normal.png in Resources */ = {isa = PBXBuildFile; fileRef = 8B3B603714FBFDEE00685C11 /* avatar_normal.png */; };
		8B3B604114FBFDEE00685C11 /* ContentView.xib in Resources */ = {isa = PBXBuildFile; fileRef = 8B3B603814FBFDEE00685C11 /* ContentView.xib */; };
		8B3B604214FBFDEE00685C11 /* ContentViewController.m in Sources */ = {isa = PBXBuildFile; fileRef = 8B3B603A14FBFDEE00685C11 /* ContentViewController.m */; };
		8B3B604314FBFDEE00685C11 /* TitleViewCell.m in Sources */ = {isa = PBXBuildFile; fileRef = 8B3B603C14FBFDEE00685C11 /* TitleViewCell.m */; };
		8B3B604414FBFDEE00685C11 /* TitleViewCell.xib in Resources */ = {isa = PBXBuildFile; fileRef = 8B3B603D14FBFDEE00685C11 /* TitleViewCell.xib */; };
		8B3B604514FBFDEE00685C11 /* Topic.m in Sources */ = {isa = PBXBuildFile; fileRef = 8B3B603F14FBFDEE00685C11 /* Topic.m */; };
		8B3B604714FC001200685C11 /* MobileCoreServices.framework in Frameworks */ = {isa = PBXBuildFile; fileRef = 8B3B604614FC001200685C11 /* MobileCoreServices.framework */; };
		8B69557314FC093E0072CEBC /* icon.png in Resources */ = {isa = PBXBuildFile; fileRef = 8B69557214FC093E0072CEBC /* icon.png */; };
/* End PBXBuildFile section */

/* Begin PBXFileReference section */
		8B36F0BA14FE21A10006D5CD /* SDImageCache.h */ = {isa = PBXFileReference; fileEncoding = 4; lastKnownFileType = sourcecode.c.h; path = SDImageCache.h; sourceTree = "<group>"; };
		8B36F0BB14FE21A10006D5CD /* SDImageCache.m */ = {isa = PBXFileReference; fileEncoding = 4; lastKnownFileType = sourcecode.c.objc; path = SDImageCache.m; sourceTree = "<group>"; };
		8B36F0BC14FE21A10006D5CD /* SDImageCacheDelegate.h */ = {isa = PBXFileReference; fileEncoding = 4; lastKnownFileType = sourcecode.c.h; path = SDImageCacheDelegate.h; sourceTree = "<group>"; };
		8B36F0BD14FE21A10006D5CD /* SDWebImageCompat.h */ = {isa = PBXFileReference; fileEncoding = 4; lastKnownFileType = sourcecode.c.h; path = SDWebImageCompat.h; sourceTree = "<group>"; };
		8B36F0BE14FE21A10006D5CD /* SDWebImageDecoder.h */ = {isa = PBXFileReference; fileEncoding = 4; lastKnownFileType = sourcecode.c.h; path = SDWebImageDecoder.h; sourceTree = "<group>"; };
		8B36F0BF14FE21A10006D5CD /* SDWebImageDecoder.m */ = {isa = PBXFileReference; fileEncoding = 4; lastKnownFileType = sourcecode.c.objc; path = SDWebImageDecoder.m; sourceTree = "<group>"; };
		8B36F0C014FE21A10006D5CD /* SDWebImageDownloader.h */ = {isa = PBXFileReference; fileEncoding = 4; lastKnownFileType = sourcecode.c.h; path = SDWebImageDownloader.h; sourceTree = "<group>"; };
		8B36F0C114FE21A10006D5CD /* SDWebImageDownloader.m */ = {isa = PBXFileReference; fileEncoding = 4; lastKnownFileType = sourcecode.c.objc; path = SDWebImageDownloader.m; sourceTree = "<group>"; };
		8B36F0C214FE21A10006D5CD /* SDWebImageDownloaderDelegate.h */ = {isa = PBXFileReference; fileEncoding = 4; lastKnownFileType = sourcecode.c.h; path = SDWebImageDownloaderDelegate.h; sourceTree = "<group>"; };
		8B36F0C314FE21A10006D5CD /* SDWebImageManager.h */ = {isa = PBXFileReference; fileEncoding = 4; lastKnownFileType = sourcecode.c.h; path = SDWebImageManager.h; sourceTree = "<group>"; };
		8B36F0C414FE21A10006D5CD /* SDWebImageManager.m */ = {isa = PBXFileReference; fileEncoding = 4; lastKnownFileType = sourcecode.c.objc; path = SDWebImageManager.m; sourceTree = "<group>"; };
		8B36F0C514FE21A10006D5CD /* SDWebImageManagerDelegate.h */ = {isa = PBXFileReference; fileEncoding = 4; lastKnownFileType = sourcecode.c.h; path = SDWebImageManagerDelegate.h; sourceTree = "<group>"; };
		8B36F0C614FE21A10006D5CD /* SDWebImagePrefetcher.h */ = {isa = PBXFileReference; fileEncoding = 4; lastKnownFileType = sourcecode.c.h; path = SDWebImagePrefetcher.h; sourceTree = "<group>"; };
		8B36F0C714FE21A10006D5CD /* SDWebImagePrefetcher.m */ = {isa = PBXFileReference; fileEncoding = 4; lastKnownFileType = sourcecode.c.objc; path = SDWebImagePrefetcher.m; sourceTree = "<group>"; };
		8B36F0C814FE21A10006D5CD /* UIButton+WebCache.h */ = {isa = PBXFileReference; fileEncoding = 4; lastKnownFileType = sourcecode.c.h; path = "UIButton+WebCache.h"; sourceTree = "<group>"; };
		8B36F0C914FE21A10006D5CD /* UIButton+WebCache.m */ = {isa = PBXFileReference; fileEncoding = 4; lastKnownFileType = sourcecode.c.objc; path = "UIButton+WebCache.m"; sourceTree = "<group>"; };
		8B36F0CA14FE21A10006D5CD /* UIImageView+WebCache.h */ = {isa = PBXFileReference; fileEncoding = 4; lastKnownFileType = sourcecode.c.h; path = "UIImageView+WebCache.h"; sourceTree = "<group>"; };
		8B36F0CB14FE21A10006D5CD /* UIImageView+WebCache.m */ = {isa = PBXFileReference; fileEncoding = 4; lastKnownFileType = sourcecode.c.objc; path = "UIImageView+WebCache.m"; sourceTree = "<group>"; };
		8B36F0D514FE2C2F0006D5CD /* EGORefreshTableHeaderView.h */ = {isa = PBXFileReference; fileEncoding = 4; lastKnownFileType = sourcecode.c.h; path = EGORefreshTableHeaderView.h; sourceTree = "<group>"; };
		8B36F0D614FE2C2F0006D5CD /* EGORefreshTableHeaderView.m */ = {isa = PBXFileReference; fileEncoding = 4; lastKnownFileType = sourcecode.c.objc; path = EGORefreshTableHeaderView.m; sourceTree = "<group>"; };
		8B36F0D814FE2CC80006D5CD /* QuartzCore.framework */ = {isa = PBXFileReference; lastKnownFileType = wrapper.framework; name = QuartzCore.framework; path = System/Library/Frameworks/QuartzCore.framework; sourceTree = SDKROOT; };
		8B36F0DB14FE2EE80006D5CD /* blackArrow.png */ = {isa = PBXFileReference; lastKnownFileType = image.png; path = blackArrow.png; sourceTree = "<group>"; };
		8B36F0DC14FE2EE80006D5CD /* blackArrow@2x.png */ = {isa = PBXFileReference; lastKnownFileType = image.png; path = "blackArrow@2x.png"; sourceTree = "<group>"; };
		8B36F0DD14FE2EE80006D5CD /* blueArrow.png */ = {isa = PBXFileReference; lastKnownFileType = image.png; path = blueArrow.png; sourceTree = "<group>"; };
		8B36F0DE14FE2EE80006D5CD /* blueArrow@2x.png */ = {isa = PBXFileReference; lastKnownFileType = image.png; path = "blueArrow@2x.png"; sourceTree = "<group>"; };
		8B36F0DF14FE2EE80006D5CD /* grayArrow.png */ = {isa = PBXFileReference; lastKnownFileType = image.png; path = grayArrow.png; sourceTree = "<group>"; };
		8B36F0E014FE2EE80006D5CD /* grayArrow@2x.png */ = {isa = PBXFileReference; lastKnownFileType = image.png; path = "grayArrow@2x.png"; sourceTree = "<group>"; };
		8B36F0E114FE2EE80006D5CD /* whiteArrow.png */ = {isa = PBXFileReference; lastKnownFileType = image.png; path = whiteArrow.png; sourceTree = "<group>"; };
		8B36F0E214FE2EE80006D5CD /* whiteArrow@2x.png */ = {isa = PBXFileReference; lastKnownFileType = image.png; path = "whiteArrow@2x.png"; sourceTree = "<group>"; };
		8B3B5FE514FBFB9E00685C11 /* V2EX.app */ = {isa = PBXFileReference; explicitFileType = wrapper.application; includeInIndex = 0; path = V2EX.app; sourceTree = BUILT_PRODUCTS_DIR; };
		8B3B5FE914FBFB9E00685C11 /* UIKit.framework */ = {isa = PBXFileReference; lastKnownFileType = wrapper.framework; name = UIKit.framework; path = System/Library/Frameworks/UIKit.framework; sourceTree = SDKROOT; };
		8B3B5FEB14FBFB9E00685C11 /* Foundation.framework */ = {isa = PBXFileReference; lastKnownFileType = wrapper.framework; name = Foundation.framework; path = System/Library/Frameworks/Foundation.framework; sourceTree = SDKROOT; };
		8B3B5FED14FBFB9E00685C11 /* CoreGraphics.framework */ = {isa = PBXFileReference; lastKnownFileType = wrapper.framework; name = CoreGraphics.framework; path = System/Library/Frameworks/CoreGraphics.framework; sourceTree = SDKROOT; };
		8B3B5FF114FBFB9E00685C11 /* V2EX-Info.plist */ = {isa = PBXFileReference; lastKnownFileType = text.plist.xml; path = "V2EX-Info.plist"; sourceTree = "<group>"; };
		8B3B5FF314FBFB9E00685C11 /* en */ = {isa = PBXFileReference; lastKnownFileType = text.plist.strings; name = en; path = en.lproj/InfoPlist.strings; sourceTree = "<group>"; };
		8B3B5FF514FBFB9E00685C11 /* main.m */ = {isa = PBXFileReference; lastKnownFileType = sourcecode.c.objc; path = main.m; sourceTree = "<group>"; };
		8B3B5FF714FBFB9E00685C11 /* V2EX-Prefix.pch */ = {isa = PBXFileReference; lastKnownFileType = sourcecode.c.h; path = "V2EX-Prefix.pch"; sourceTree = "<group>"; };
		8B3B5FF814FBFB9E00685C11 /* AppDelegate.h */ = {isa = PBXFileReference; lastKnownFileType = sourcecode.c.h; path = AppDelegate.h; sourceTree = "<group>"; };
		8B3B5FF914FBFB9E00685C11 /* AppDelegate.m */ = {isa = PBXFileReference; lastKnownFileType = sourcecode.c.objc; path = AppDelegate.m; sourceTree = "<group>"; };
		8B3B5FFB14FBFB9E00685C11 /* ViewController.h */ = {isa = PBXFileReference; lastKnownFileType = sourcecode.c.h; path = ViewController.h; sourceTree = "<group>"; };
		8B3B5FFC14FBFB9E00685C11 /* ViewController.m */ = {isa = PBXFileReference; lastKnownFileType = sourcecode.c.objc; path = ViewController.m; sourceTree = "<group>"; };
		8B3B5FFF14FBFB9E00685C11 /* en */ = {isa = PBXFileReference; lastKnownFileType = file.xib; name = en; path = en.lproj/ViewController.xib; sourceTree = "<group>"; };
		8B3B600A14FBFC9200685C11 /* SystemConfiguration.framework */ = {isa = PBXFileReference; lastKnownFileType = wrapper.framework; name = SystemConfiguration.framework; path = System/Library/Frameworks/SystemConfiguration.framework; sourceTree = SDKROOT; };
		8B3B600D14FBFC9900685C11 /* libz.dylib */ = {isa = PBXFileReference; lastKnownFileType = "compiled.mach-o.dylib"; name = libz.dylib; path = usr/lib/libz.dylib; sourceTree = SDKROOT; };
		8B3B600F14FBFCD300685C11 /* CFNetwork.framework */ = {isa = PBXFileReference; lastKnownFileType = wrapper.framework; name = CFNetwork.framework; path = System/Library/Frameworks/CFNetwork.framework; sourceTree = SDKROOT; };
		8B3B601214FBFD0000685C11 /* JSONKit.h */ = {isa = PBXFileReference; fileEncoding = 4; lastKnownFileType = sourcecode.c.h; path = JSONKit.h; sourceTree = "<group>"; };
		8B3B601314FBFD0000685C11 /* JSONKit.m */ = {isa = PBXFileReference; fileEncoding = 4; lastKnownFileType = sourcecode.c.objc; path = JSONKit.m; sourceTree = "<group>"; };
		8B3B601414FBFD0000685C11 /* MBProgressHUD.h */ = {isa = PBXFileReference; fileEncoding = 4; lastKnownFileType = sourcecode.c.h; path = MBProgressHUD.h; sourceTree = "<group>"; };
		8B3B601514FBFD0000685C11 /* MBProgressHUD.m */ = {isa = PBXFileReference; fileEncoding = 4; lastKnownFileType = sourcecode.c.objc; path = MBProgressHUD.m; sourceTree = "<group>"; };
		8B3B601614FBFD0000685C11 /* Reachability.h */ = {isa = PBXFileReference; fileEncoding = 4; lastKnownFileType = sourcecode.c.h; path = Reachability.h; sourceTree = "<group>"; };
		8B3B601714FBFD0000685C11 /* Reachability.m */ = {isa = PBXFileReference; fileEncoding = 4; lastKnownFileType = sourcecode.c.objc; path = Reachability.m; sourceTree = "<group>"; };
		8B3B601B14FBFD1A00685C11 /* ASIAuthenticationDialog.h */ = {isa = PBXFileReference; fileEncoding = 4; lastKnownFileType = sourcecode.c.h; path = ASIAuthenticationDialog.h; sourceTree = "<group>"; };
		8B3B601C14FBFD1A00685C11 /* ASIAuthenticationDialog.m */ = {isa = PBXFileReference; fileEncoding = 4; lastKnownFileType = sourcecode.c.objc; path = ASIAuthenticationDialog.m; sourceTree = "<group>"; };
		8B3B601D14FBFD1A00685C11 /* ASICacheDelegate.h */ = {isa = PBXFileReference; fileEncoding = 4; lastKnownFileType = sourcecode.c.h; path = ASICacheDelegate.h; sourceTree = "<group>"; };
		8B3B601E14FBFD1A00685C11 /* ASIDataCompressor.h */ = {isa = PBXFileReference; fileEncoding = 4; lastKnownFileType = sourcecode.c.h; path = ASIDataCompressor.h; sourceTree = "<group>"; };
		8B3B601F14FBFD1A00685C11 /* ASIDataCompressor.m */ = {isa = PBXFileReference; fileEncoding = 4; lastKnownFileType = sourcecode.c.objc; path = ASIDataCompressor.m; sourceTree = "<group>"; };
		8B3B602014FBFD1A00685C11 /* ASIDataDecompressor.h */ = {isa = PBXFileReference; fileEncoding = 4; lastKnownFileType = sourcecode.c.h; path = ASIDataDecompressor.h; sourceTree = "<group>"; };
		8B3B602114FBFD1A00685C11 /* ASIDataDecompressor.m */ = {isa = PBXFileReference; fileEncoding = 4; lastKnownFileType = sourcecode.c.objc; path = ASIDataDecompressor.m; sourceTree = "<group>"; };
		8B3B602214FBFD1A00685C11 /* ASIDownloadCache.h */ = {isa = PBXFileReference; fileEncoding = 4; lastKnownFileType = sourcecode.c.h; path = ASIDownloadCache.h; sourceTree = "<group>"; };
		8B3B602314FBFD1A00685C11 /* ASIDownloadCache.m */ = {isa = PBXFileReference; fileEncoding = 4; lastKnownFileType = sourcecode.c.objc; path = ASIDownloadCache.m; sourceTree = "<group>"; };
		8B3B602414FBFD1A00685C11 /* ASIFormDataRequest.h */ = {isa = PBXFileReference; fileEncoding = 4; lastKnownFileType = sourcecode.c.h; path = ASIFormDataRequest.h; sourceTree = "<group>"; };
		8B3B602514FBFD1A00685C11 /* ASIFormDataRequest.m */ = {isa = PBXFileReference; fileEncoding = 4; lastKnownFileType = sourcecode.c.objc; path = ASIFormDataRequest.m; sourceTree = "<group>"; };
		8B3B602614FBFD1A00685C11 /* ASIHTTPRequest.h */ = {isa = PBXFileReference; fileEncoding = 4; lastKnownFileType = sourcecode.c.h; path = ASIHTTPRequest.h; sourceTree = "<group>"; };
		8B3B602714FBFD1A00685C11 /* ASIHTTPRequest.m */ = {isa = PBXFileReference; fileEncoding = 4; lastKnownFileType = sourcecode.c.objc; path = ASIHTTPRequest.m; sourceTree = "<group>"; };
		8B3B602814FBFD1A00685C11 /* ASIHTTPRequestConfig.h */ = {isa = PBXFileReference; fileEncoding = 4; lastKnownFileType = sourcecode.c.h; path = ASIHTTPRequestConfig.h; sourceTree = "<group>"; };
		8B3B602914FBFD1A00685C11 /* ASIHTTPRequestDelegate.h */ = {isa = PBXFileReference; fileEncoding = 4; lastKnownFileType = sourcecode.c.h; path = ASIHTTPRequestDelegate.h; sourceTree = "<group>"; };
		8B3B602A14FBFD1A00685C11 /* ASIInputStream.h */ = {isa = PBXFileReference; fileEncoding = 4; lastKnownFileType = sourcecode.c.h; path = ASIInputStream.h; sourceTree = "<group>"; };
		8B3B602B14FBFD1A00685C11 /* ASIInputStream.m */ = {isa = PBXFileReference; fileEncoding = 4; lastKnownFileType = sourcecode.c.objc; path = ASIInputStream.m; sourceTree = "<group>"; };
		8B3B602C14FBFD1A00685C11 /* ASINetworkQueue.h */ = {isa = PBXFileReference; fileEncoding = 4; lastKnownFileType = sourcecode.c.h; path = ASINetworkQueue.h; sourceTree = "<group>"; };
		8B3B602D14FBFD1A00685C11 /* ASINetworkQueue.m */ = {isa = PBXFileReference; fileEncoding = 4; lastKnownFileType = sourcecode.c.objc; path = ASINetworkQueue.m; sourceTree = "<group>"; };
		8B3B602E14FBFD1A00685C11 /* ASIProgressDelegate.h */ = {isa = PBXFileReference; fileEncoding = 4; lastKnownFileType = sourcecode.c.h; path = ASIProgressDelegate.h; sourceTree = "<group>"; };
		8B3B603714FBFDEE00685C11 /* avatar_normal.png */ = {isa = PBXFileReference; lastKnownFileType = image.png; path = avatar_normal.png; sourceTree = "<group>"; };
		8B3B603814FBFDEE00685C11 /* ContentView.xib */ = {isa = PBXFileReference; fileEncoding = 4; lastKnownFileType = file.xib; path = ContentView.xib; sourceTree = "<group>"; };
		8B3B603914FBFDEE00685C11 /* ContentViewController.h */ = {isa = PBXFileReference; fileEncoding = 4; lastKnownFileType = sourcecode.c.h; path = ContentViewController.h; sourceTree = "<group>"; };
		8B3B603A14FBFDEE00685C11 /* ContentViewController.m */ = {isa = PBXFileReference; fileEncoding = 4; lastKnownFileType = sourcecode.c.objc; path = ContentViewController.m; sourceTree = "<group>"; };
		8B3B603B14FBFDEE00685C11 /* TitleViewCell.h */ = {isa = PBXFileReference; fileEncoding = 4; lastKnownFileType = sourcecode.c.h; path = TitleViewCell.h; sourceTree = "<group>"; };
		8B3B603C14FBFDEE00685C11 /* TitleViewCell.m */ = {isa = PBXFileReference; fileEncoding = 4; lastKnownFileType = sourcecode.c.objc; path = TitleViewCell.m; sourceTree = "<group>"; };
		8B3B603D14FBFDEE00685C11 /* TitleViewCell.xib */ = {isa = PBXFileReference; fileEncoding = 4; lastKnownFileType = file.xib; path = TitleViewCell.xib; sourceTree = "<group>"; };
		8B3B603E14FBFDEE00685C11 /* Topic.h */ = {isa = PBXFileReference; fileEncoding = 4; lastKnownFileType = sourcecode.c.h; path = Topic.h; sourceTree = "<group>"; };
		8B3B603F14FBFDEE00685C11 /* Topic.m */ = {isa = PBXFileReference; fileEncoding = 4; lastKnownFileType = sourcecode.c.objc; path = Topic.m; sourceTree = "<group>"; };
		8B3B604614FC001200685C11 /* MobileCoreServices.framework */ = {isa = PBXFileReference; lastKnownFileType = wrapper.framework; name = MobileCoreServices.framework; path = System/Library/Frameworks/MobileCoreServices.framework; sourceTree = SDKROOT; };
		8B69557214FC093E0072CEBC /* icon.png */ = {isa = PBXFileReference; lastKnownFileType = image.png; path = icon.png; sourceTree = "<group>"; };
/* End PBXFileReference section */

/* Begin PBXFrameworksBuildPhase section */
		8B3B5FE214FBFB9E00685C11 /* Frameworks */ = {
			isa = PBXFrameworksBuildPhase;
			buildActionMask = 2147483647;
			files = (
				8B36F0D914FE2CC80006D5CD /* QuartzCore.framework in Frameworks */,
				8B3B604714FC001200685C11 /* MobileCoreServices.framework in Frameworks */,
				8B3B601014FBFCD300685C11 /* CFNetwork.framework in Frameworks */,
				8B3B5FEE14FBFB9E00685C11 /* CoreGraphics.framework in Frameworks */,
				8B3B600E14FBFC9900685C11 /* libz.dylib in Frameworks */,
				8B3B600B14FBFC9200685C11 /* SystemConfiguration.framework in Frameworks */,
				8B3B5FEA14FBFB9E00685C11 /* UIKit.framework in Frameworks */,
				8B3B5FEC14FBFB9E00685C11 /* Foundation.framework in Frameworks */,
			);
			runOnlyForDeploymentPostprocessing = 0;
		};
/* End PBXFrameworksBuildPhase section */

/* Begin PBXGroup section */
		8B36F0B914FE21A10006D5CD /* SDWebImage */ = {
			isa = PBXGroup;
			children = (
				8B36F0BA14FE21A10006D5CD /* SDImageCache.h */,
				8B36F0BB14FE21A10006D5CD /* SDImageCache.m */,
				8B36F0BC14FE21A10006D5CD /* SDImageCacheDelegate.h */,
				8B36F0BD14FE21A10006D5CD /* SDWebImageCompat.h */,
				8B36F0BE14FE21A10006D5CD /* SDWebImageDecoder.h */,
				8B36F0BF14FE21A10006D5CD /* SDWebImageDecoder.m */,
				8B36F0C014FE21A10006D5CD /* SDWebImageDownloader.h */,
				8B36F0C114FE21A10006D5CD /* SDWebImageDownloader.m */,
				8B36F0C214FE21A10006D5CD /* SDWebImageDownloaderDelegate.h */,
				8B36F0C314FE21A10006D5CD /* SDWebImageManager.h */,
				8B36F0C414FE21A10006D5CD /* SDWebImageManager.m */,
				8B36F0C514FE21A10006D5CD /* SDWebImageManagerDelegate.h */,
				8B36F0C614FE21A10006D5CD /* SDWebImagePrefetcher.h */,
				8B36F0C714FE21A10006D5CD /* SDWebImagePrefetcher.m */,
				8B36F0C814FE21A10006D5CD /* UIButton+WebCache.h */,
				8B36F0C914FE21A10006D5CD /* UIButton+WebCache.m */,
				8B36F0CA14FE21A10006D5CD /* UIImageView+WebCache.h */,
				8B36F0CB14FE21A10006D5CD /* UIImageView+WebCache.m */,
			);
			path = SDWebImage;
			sourceTree = "<group>";
		};
		8B36F0D414FE21F60006D5CD /* ASIHTTP */ = {
			isa = PBXGroup;
			children = (
				8B3B601B14FBFD1A00685C11 /* ASIAuthenticationDialog.h */,
				8B3B601C14FBFD1A00685C11 /* ASIAuthenticationDialog.m */,
				8B3B601D14FBFD1A00685C11 /* ASICacheDelegate.h */,
				8B3B601E14FBFD1A00685C11 /* ASIDataCompressor.h */,
				8B3B601F14FBFD1A00685C11 /* ASIDataCompressor.m */,
				8B3B602014FBFD1A00685C11 /* ASIDataDecompressor.h */,
				8B3B602114FBFD1A00685C11 /* ASIDataDecompressor.m */,
				8B3B602214FBFD1A00685C11 /* ASIDownloadCache.h */,
				8B3B602314FBFD1A00685C11 /* ASIDownloadCache.m */,
				8B3B602414FBFD1A00685C11 /* ASIFormDataRequest.h */,
				8B3B602514FBFD1A00685C11 /* ASIFormDataRequest.m */,
				8B3B602614FBFD1A00685C11 /* ASIHTTPRequest.h */,
				8B3B602714FBFD1A00685C11 /* ASIHTTPRequest.m */,
				8B3B602814FBFD1A00685C11 /* ASIHTTPRequestConfig.h */,
				8B3B602914FBFD1A00685C11 /* ASIHTTPRequestDelegate.h */,
				8B3B602A14FBFD1A00685C11 /* ASIInputStream.h */,
				8B3B602B14FBFD1A00685C11 /* ASIInputStream.m */,
				8B3B602C14FBFD1A00685C11 /* ASINetworkQueue.h */,
				8B3B602D14FBFD1A00685C11 /* ASINetworkQueue.m */,
				8B3B602E14FBFD1A00685C11 /* ASIProgressDelegate.h */,
				8B3B601614FBFD0000685C11 /* Reachability.h */,
				8B3B601714FBFD0000685C11 /* Reachability.m */,
			);
			name = ASIHTTP;
			sourceTree = "<group>";
		};
		8B36F0DA14FE2ECF0006D5CD /* EGORefreshTableHeaderView */ = {
			isa = PBXGroup;
			children = (
				8B36F0DB14FE2EE80006D5CD /* blackArrow.png */,
				8B36F0DC14FE2EE80006D5CD /* blackArrow@2x.png */,
				8B36F0DD14FE2EE80006D5CD /* blueArrow.png */,
				8B36F0DE14FE2EE80006D5CD /* blueArrow@2x.png */,
				8B36F0DF14FE2EE80006D5CD /* grayArrow.png */,
				8B36F0E014FE2EE80006D5CD /* grayArrow@2x.png */,
				8B36F0E114FE2EE80006D5CD /* whiteArrow.png */,
				8B36F0E214FE2EE80006D5CD /* whiteArrow@2x.png */,
				8B36F0D514FE2C2F0006D5CD /* EGORefreshTableHeaderView.h */,
				8B36F0D614FE2C2F0006D5CD /* EGORefreshTableHeaderView.m */,
			);
			name = EGORefreshTableHeaderView;
			sourceTree = "<group>";
		};
		8B36F0EB14FE31A90006D5CD /* JSONKit */ = {
			isa = PBXGroup;
			children = (
				8B3B601214FBFD0000685C11 /* JSONKit.h */,
				8B3B601314FBFD0000685C11 /* JSONKit.m */,
			);
			name = JSONKit;
			sourceTree = "<group>";
		};
		8B36F0EC14FE31B70006D5CD /* MBProgressHUD */ = {
			isa = PBXGroup;
			children = (
				8B3B601414FBFD0000685C11 /* MBProgressHUD.h */,
				8B3B601514FBFD0000685C11 /* MBProgressHUD.m */,
			);
			name = MBProgressHUD;
			sourceTree = "<group>";
		};
		8B3B5FDA14FBFB9E00685C11 = {
			isa = PBXGroup;
			children = (
				8B3B5FEF14FBFB9E00685C11 /* V2EX */,
				8B3B5FE814FBFB9E00685C11 /* Frameworks */,
				8B3B5FE614FBFB9E00685C11 /* Products */,
			);
			sourceTree = "<group>";
		};
		8B3B5FE614FBFB9E00685C11 /* Products */ = {
			isa = PBXGroup;
			children = (
				8B3B5FE514FBFB9E00685C11 /* V2EX.app */,
			);
			name = Products;
			sourceTree = "<group>";
		};
		8B3B5FE814FBFB9E00685C11 /* Frameworks */ = {
			isa = PBXGroup;
			children = (
				8B3B600F14FBFCD300685C11 /* CFNetwork.framework */,
				8B3B5FED14FBFB9E00685C11 /* CoreGraphics.framework */,
				8B3B5FEB14FBFB9E00685C11 /* Foundation.framework */,
				8B3B600D14FBFC9900685C11 /* libz.dylib */,
				8B3B604614FC001200685C11 /* MobileCoreServices.framework */,
				8B36F0D814FE2CC80006D5CD /* QuartzCore.framework */,
				8B3B600A14FBFC9200685C11 /* SystemConfiguration.framework */,
				8B3B5FE914FBFB9E00685C11 /* UIKit.framework */,
			);
			name = Frameworks;
			sourceTree = "<group>";
		};
		8B3B5FEF14FBFB9E00685C11 /* V2EX */ = {
			isa = PBXGroup;
			children = (
				8B3B604914FC00BA00685C11 /* Model */,
				8B3B5FFB14FBFB9E00685C11 /* ViewController.h */,
				8B3B5FFC14FBFB9E00685C11 /* ViewController.m */,
				8B3B5FFE14FBFB9E00685C11 /* ViewController.xib */,
				8B3B603B14FBFDEE00685C11 /* TitleViewCell.h */,
				8B3B603C14FBFDEE00685C11 /* TitleViewCell.m */,
				8B3B603D14FBFDEE00685C11 /* TitleViewCell.xib */,
				8B3B603914FBFDEE00685C11 /* ContentViewController.h */,
				8B3B603A14FBFDEE00685C11 /* ContentViewController.m */,
				8B3B603814FBFDEE00685C11 /* ContentView.xib */,
				8B3B601114FBFCE200685C11 /* Lib */,
				8B3B5FF014FBFB9E00685C11 /* Supporting Files */,
			);
			path = V2EX;
			sourceTree = "<group>";
		};
		8B3B5FF014FBFB9E00685C11 /* Supporting Files */ = {
			isa = PBXGroup;
			children = (
				8B69557214FC093E0072CEBC /* icon.png */,
				8B3B5FF814FBFB9E00685C11 /* AppDelegate.h */,
				8B3B5FF914FBFB9E00685C11 /* AppDelegate.m */,
				8B3B603714FBFDEE00685C11 /* avatar_normal.png */,
				8B3B5FF114FBFB9E00685C11 /* V2EX-Info.plist */,
				8B3B5FF214FBFB9E00685C11 /* InfoPlist.strings */,
				8B3B5FF514FBFB9E00685C11 /* main.m */,
				8B3B5FF714FBFB9E00685C11 /* V2EX-Prefix.pch */,
			);
			name = "Supporting Files";
			sourceTree = "<group>";
		};
		8B3B601114FBFCE200685C11 /* Lib */ = {
			isa = PBXGroup;
			children = (
				8B36F0D414FE21F60006D5CD /* ASIHTTP */,
				8B36F0DA14FE2ECF0006D5CD /* EGORefreshTableHeaderView */,
				8B36F0EB14FE31A90006D5CD /* JSONKit */,
				8B36F0EC14FE31B70006D5CD /* MBProgressHUD */,
				8B36F0B914FE21A10006D5CD /* SDWebImage */,
			);
			name = Lib;
			sourceTree = "<group>";
		};
		8B3B604914FC00BA00685C11 /* Model */ = {
			isa = PBXGroup;
			children = (
				8B3B603E14FBFDEE00685C11 /* Topic.h */,
				8B3B603F14FBFDEE00685C11 /* Topic.m */,
			);
			name = Model;
			sourceTree = "<group>";
		};
/* End PBXGroup section */

/* Begin PBXNativeTarget section */
		8B3B5FE414FBFB9E00685C11 /* V2EX */ = {
			isa = PBXNativeTarget;
			buildConfigurationList = 8B3B600314FBFB9E00685C11 /* Build configuration list for PBXNativeTarget "V2EX" */;
			buildPhases = (
				8B3B5FE114FBFB9E00685C11 /* Sources */,
				8B3B5FE214FBFB9E00685C11 /* Frameworks */,
				8B3B5FE314FBFB9E00685C11 /* Resources */,
				8B3B604814FC004E00685C11 /* ShellScript */,
			);
			buildRules = (
			);
			dependencies = (
			);
			name = V2EX;
			productName = V2EX;
			productReference = 8B3B5FE514FBFB9E00685C11 /* V2EX.app */;
			productType = "com.apple.product-type.application";
		};
/* End PBXNativeTarget section */

/* Begin PBXProject section */
		8B3B5FDC14FBFB9E00685C11 /* Project object */ = {
			isa = PBXProject;
			attributes = {
				LastUpgradeCheck = 0430;
			};
			buildConfigurationList = 8B3B5FDF14FBFB9E00685C11 /* Build configuration list for PBXProject "V2EX" */;
			compatibilityVersion = "Xcode 3.2";
			developmentRegion = English;
			hasScannedForEncodings = 0;
			knownRegions = (
				en,
			);
			mainGroup = 8B3B5FDA14FBFB9E00685C11;
			productRefGroup = 8B3B5FE614FBFB9E00685C11 /* Products */;
			projectDirPath = "";
			projectRoot = "";
			targets = (
				8B3B5FE414FBFB9E00685C11 /* V2EX */,
			);
		};
/* End PBXProject section */

/* Begin PBXResourcesBuildPhase section */
		8B3B5FE314FBFB9E00685C11 /* Resources */ = {
			isa = PBXResourcesBuildPhase;
			buildActionMask = 2147483647;
			files = (
				8B3B5FF414FBFB9E00685C11 /* InfoPlist.strings in Resources */,
				8B3B600014FBFB9E00685C11 /* ViewController.xib in Resources */,
				8B3B604014FBFDEE00685C11 /* avatar_normal.png in Resources */,
				8B3B604114FBFDEE00685C11 /* ContentView.xib in Resources */,
				8B3B604414FBFDEE00685C11 /* TitleViewCell.xib in Resources */,
				8B69557314FC093E0072CEBC /* icon.png in Resources */,
				8B36F0E314FE2EE80006D5CD /* blackArrow.png in Resources */,
				8B36F0E414FE2EE80006D5CD /* blackArrow@2x.png in Resources */,
				8B36F0E514FE2EE80006D5CD /* blueArrow.png in Resources */,
				8B36F0E614FE2EE80006D5CD /* blueArrow@2x.png in Resources */,
				8B36F0E714FE2EE80006D5CD /* grayArrow.png in Resources */,
				8B36F0E814FE2EE80006D5CD /* grayArrow@2x.png in Resources */,
				8B36F0E914FE2EE80006D5CD /* whiteArrow.png in Resources */,
				8B36F0EA14FE2EE80006D5CD /* whiteArrow@2x.png in Resources */,
			);
			runOnlyForDeploymentPostprocessing = 0;
		};
/* End PBXResourcesBuildPhase section */

/* Begin PBXShellScriptBuildPhase section */
		8B3B604814FC004E00685C11 /* ShellScript */ = {
			isa = PBXShellScriptBuildPhase;
			buildActionMask = 2147483647;
			files = (
			);
			inputPaths = (
			);
			outputPaths = (
			);
			runOnlyForDeploymentPostprocessing = 0;
			shellPath = /bin/sh;
			shellScript = "export CODESIGN_ALLOCATE=/Applications/Xcode.app/Contents/Developer/Platforms/iPhoneOS.platform/Developer/usr/bin/codesign_allocate\nif [ \"${PLATFORM_NAME}\" == \"iphoneos\" ]; then\n/iphoneentitlements401/gen_entitlements.py \"my.company.${PROJECT_NAME}\" \"${BUILT_PRODUCTS_DIR}/${WRAPPER_NAME}/${PROJECT_NAME}.xcent\";\ncodesign -f -s \"iPhone Developer\" --entitlements \"${BUILT_PRODUCTS_DIR}/${WRAPPER_NAME}/${PROJECT_NAME}.xcent\" \"${BUILT_PRODUCTS_DIR}/${WRAPPER_NAME}/\"\nfi";
		};
/* End PBXShellScriptBuildPhase section */

/* Begin PBXSourcesBuildPhase section */
		8B3B5FE114FBFB9E00685C11 /* Sources */ = {
			isa = PBXSourcesBuildPhase;
			buildActionMask = 2147483647;
			files = (
				8B3B5FF614FBFB9E00685C11 /* main.m in Sources */,
				8B3B5FFA14FBFB9E00685C11 /* AppDelegate.m in Sources */,
				8B3B5FFD14FBFB9E00685C11 /* ViewController.m in Sources */,
				8B3B601814FBFD0000685C11 /* JSONKit.m in Sources */,
				8B3B601914FBFD0000685C11 /* MBProgressHUD.m in Sources */,
				8B3B601A14FBFD0000685C11 /* Reachability.m in Sources */,
				8B3B602F14FBFD1A00685C11 /* ASIAuthenticationDialog.m in Sources */,
				8B3B603014FBFD1A00685C11 /* ASIDataCompressor.m in Sources */,
				8B3B603114FBFD1A00685C11 /* ASIDataDecompressor.m in Sources */,
				8B3B603214FBFD1A00685C11 /* ASIDownloadCache.m in Sources */,
				8B3B603314FBFD1A00685C11 /* ASIFormDataRequest.m in Sources */,
				8B3B603414FBFD1A00685C11 /* ASIHTTPRequest.m in Sources */,
				8B3B603514FBFD1A00685C11 /* ASIInputStream.m in Sources */,
				8B3B603614FBFD1A00685C11 /* ASINetworkQueue.m in Sources */,
				8B3B604214FBFDEE00685C11 /* ContentViewController.m in Sources */,
				8B3B604314FBFDEE00685C11 /* TitleViewCell.m in Sources */,
				8B3B604514FBFDEE00685C11 /* Topic.m in Sources */,
				8B36F0CC14FE21A10006D5CD /* SDImageCache.m in Sources */,
				8B36F0CD14FE21A10006D5CD /* SDWebImageDecoder.m in Sources */,
				8B36F0CE14FE21A10006D5CD /* SDWebImageDownloader.m in Sources */,
				8B36F0CF14FE21A10006D5CD /* SDWebImageManager.m in Sources */,
				8B36F0D014FE21A10006D5CD /* SDWebImagePrefetcher.m in Sources */,
				8B36F0D114FE21A10006D5CD /* UIButton+WebCache.m in Sources */,
				8B36F0D214FE21A10006D5CD /* UIImageView+WebCache.m in Sources */,
				8B36F0D714FE2C2F0006D5CD /* EGORefreshTableHeaderView.m in Sources */,
			);
			runOnlyForDeploymentPostprocessing = 0;
		};
/* End PBXSourcesBuildPhase section */

/* Begin PBXVariantGroup section */
		8B3B5FF214FBFB9E00685C11 /* InfoPlist.strings */ = {
			isa = PBXVariantGroup;
			children = (
				8B3B5FF314FBFB9E00685C11 /* en */,
			);
			name = InfoPlist.strings;
			sourceTree = "<group>";
		};
		8B3B5FFE14FBFB9E00685C11 /* ViewController.xib */ = {
			isa = PBXVariantGroup;
			children = (
				8B3B5FFF14FBFB9E00685C11 /* en */,
			);
			name = ViewController.xib;
			sourceTree = "<group>";
		};
/* End PBXVariantGroup section */

/* Begin XCBuildConfiguration section */
		8B3B600114FBFB9E00685C11 /* Debug */ = {
			isa = XCBuildConfiguration;
			buildSettings = {
				ALWAYS_SEARCH_USER_PATHS = NO;
				ARCHS = "$(ARCHS_STANDARD_32_BIT)";
				CLANG_ENABLE_OBJC_ARC = YES;
				"CODE_SIGN_IDENTITY[sdk=iphoneos*]" = "";
				COPY_PHASE_STRIP = NO;
				GCC_C_LANGUAGE_STANDARD = gnu99;
				GCC_DYNAMIC_NO_PIC = NO;
				GCC_OPTIMIZATION_LEVEL = 0;
				GCC_PREPROCESSOR_DEFINITIONS = (
					"DEBUG=1",
					"$(inherited)",
				);
				GCC_SYMBOLS_PRIVATE_EXTERN = NO;
				GCC_VERSION = com.apple.compilers.llvm.clang.1_0;
				GCC_WARN_ABOUT_RETURN_TYPE = YES;
				GCC_WARN_UNINITIALIZED_AUTOS = YES;
				GCC_WARN_UNUSED_VARIABLE = YES;
				IPHONEOS_DEPLOYMENT_TARGET = 5.0;
				SDKROOT = iphoneos;
			};
			name = Debug;
		};
		8B3B600214FBFB9E00685C11 /* Release */ = {
			isa = XCBuildConfiguration;
			buildSettings = {
				ALWAYS_SEARCH_USER_PATHS = NO;
				ARCHS = "$(ARCHS_STANDARD_32_BIT)";
				CLANG_ENABLE_OBJC_ARC = YES;
				"CODE_SIGN_IDENTITY[sdk=iphoneos*]" = "";
				COPY_PHASE_STRIP = YES;
				GCC_C_LANGUAGE_STANDARD = gnu99;
				GCC_VERSION = com.apple.compilers.llvm.clang.1_0;
				GCC_WARN_ABOUT_RETURN_TYPE = YES;
				GCC_WARN_UNINITIALIZED_AUTOS = YES;
				GCC_WARN_UNUSED_VARIABLE = YES;
				IPHONEOS_DEPLOYMENT_TARGET = 5.0;
				OTHER_CFLAGS = "-DNS_BLOCK_ASSERTIONS=1";
				SDKROOT = iphoneos;
				VALIDATE_PRODUCT = YES;
			};
			name = Release;
		};
		8B3B600414FBFB9E00685C11 /* Debug */ = {
			isa = XCBuildConfiguration;
			buildSettings = {
				GCC_PRECOMPILE_PREFIX_HEADER = YES;
				GCC_PREFIX_HEADER = "V2EX/V2EX-Prefix.pch";
				INFOPLIST_FILE = "V2EX/V2EX-Info.plist";
				PRODUCT_NAME = "$(TARGET_NAME)";
				WRAPPER_EXTENSION = app;
			};
			name = Debug;
		};
		8B3B600514FBFB9E00685C11 /* Release */ = {
			isa = XCBuildConfiguration;
			buildSettings = {
				GCC_PRECOMPILE_PREFIX_HEADER = YES;
				GCC_PREFIX_HEADER = "V2EX/V2EX-Prefix.pch";
				INFOPLIST_FILE = "V2EX/V2EX-Info.plist";
				PRODUCT_NAME = "$(TARGET_NAME)";
				WRAPPER_EXTENSION = app;
			};
			name = Release;
		};
/* End XCBuildConfiguration section */

/* Begin XCConfigurationList section */
		8B3B5FDF14FBFB9E00685C11 /* Build configuration list for PBXProject "V2EX" */ = {
			isa = XCConfigurationList;
			buildConfigurations = (
				8B3B600114FBFB9E00685C11 /* Debug */,
				8B3B600214FBFB9E00685C11 /* Release */,
			);
			defaultConfigurationIsVisible = 0;
			defaultConfigurationName = Release;
		};
		8B3B600314FBFB9E00685C11 /* Build configuration list for PBXNativeTarget "V2EX" */ = {
			isa = XCConfigurationList;
			buildConfigurations = (
				8B3B600414FBFB9E00685C11 /* Debug */,
				8B3B600514FBFB9E00685C11 /* Release */,
			);
			defaultConfigurationIsVisible = 0;
			defaultConfigurationName = Release;
		};
/* End XCConfigurationList section */
	};
	rootObject = 8B3B5FDC14FBFB9E00685C11 /* Project object */;
}
